// !$*UTF8*$!
{
	archiveVersion = 1;
	classes = {
	};
	objectVersion = 51;
	objects = {

/* Begin PBXBuildFile section */
		A7290E1DEF586414CB1544B0 /* Pods_abdullah.framework in Frameworks */ = {isa = PBXBuildFile; fileRef = 3CEE1A3ADA204F543437AC40 /* Pods_abdullah.framework */; };
		B86362DE24A8A2B500482D52 /* MainVC.swift in Sources */ = {isa = PBXBuildFile; fileRef = B86362DD24A8A2B500482D52 /* MainVC.swift */; };
		B86362E024A8AAD800482D52 /* PopMenuExamples.swift in Sources */ = {isa = PBXBuildFile; fileRef = B86362DF24A8AAD800482D52 /* PopMenuExamples.swift */; };
		B86362E224A8B94500482D52 /* NavigationController.swift in Sources */ = {isa = PBXBuildFile; fileRef = B86362E124A8B94500482D52 /* NavigationController.swift */; };
		B8F2F3AC24A77E11006B130E /* AppDelegate.swift in Sources */ = {isa = PBXBuildFile; fileRef = B8F2F3AB24A77E11006B130E /* AppDelegate.swift */; };
		B8F2F3AE24A77E11006B130E /* SceneDelegate.swift in Sources */ = {isa = PBXBuildFile; fileRef = B8F2F3AD24A77E11006B130E /* SceneDelegate.swift */; };
		B8F2F3B324A77E11006B130E /* Main.storyboard in Resources */ = {isa = PBXBuildFile; fileRef = B8F2F3B124A77E11006B130E /* Main.storyboard */; };
		B8F2F3B624A77E11006B130E /* abdullah.xcdatamodeld in Sources */ = {isa = PBXBuildFile; fileRef = B8F2F3B424A77E11006B130E /* abdullah.xcdatamodeld */; };
		B8F2F3B824A77E13006B130E /* Assets.xcassets in Resources */ = {isa = PBXBuildFile; fileRef = B8F2F3B724A77E13006B130E /* Assets.xcassets */; };
		B8F2F3BB24A77E13006B130E /* LaunchScreen.storyboard in Resources */ = {isa = PBXBuildFile; fileRef = B8F2F3B924A77E13006B130E /* LaunchScreen.storyboard */; };
/* End PBXBuildFile section */

/* Begin PBXFileReference section */
		3CEE1A3ADA204F543437AC40 /* Pods_abdullah.framework */ = {isa = PBXFileReference; explicitFileType = wrapper.framework; includeInIndex = 0; path = Pods_abdullah.framework; sourceTree = BUILT_PRODUCTS_DIR; };
		58D2FFCD18EF32BFBEE4BA6A /* Pods-abdullah.debug.xcconfig */ = {isa = PBXFileReference; includeInIndex = 1; lastKnownFileType = text.xcconfig; name = "Pods-abdullah.debug.xcconfig"; path = "Target Support Files/Pods-abdullah/Pods-abdullah.debug.xcconfig"; sourceTree = "<group>"; };
		B3B6FD4CE499A95B58557C90 /* Pods-abdullah.release.xcconfig */ = {isa = PBXFileReference; includeInIndex = 1; lastKnownFileType = text.xcconfig; name = "Pods-abdullah.release.xcconfig"; path = "Target Support Files/Pods-abdullah/Pods-abdullah.release.xcconfig"; sourceTree = "<group>"; };
		B86362DD24A8A2B500482D52 /* MainVC.swift */ = {isa = PBXFileReference; lastKnownFileType = sourcecode.swift; path = MainVC.swift; sourceTree = "<group>"; };
		B86362DF24A8AAD800482D52 /* PopMenuExamples.swift */ = {isa = PBXFileReference; lastKnownFileType = sourcecode.swift; path = PopMenuExamples.swift; sourceTree = "<group>"; };
		B86362E124A8B94500482D52 /* NavigationController.swift */ = {isa = PBXFileReference; lastKnownFileType = sourcecode.swift; path = NavigationController.swift; sourceTree = "<group>"; };
		B8F2F3A824A77E11006B130E /* abdullah.app */ = {isa = PBXFileReference; explicitFileType = wrapper.application; includeInIndex = 0; path = abdullah.app; sourceTree = BUILT_PRODUCTS_DIR; };
		B8F2F3AB24A77E11006B130E /* AppDelegate.swift */ = {isa = PBXFileReference; lastKnownFileType = sourcecode.swift; path = AppDelegate.swift; sourceTree = "<group>"; };
		B8F2F3AD24A77E11006B130E /* SceneDelegate.swift */ = {isa = PBXFileReference; lastKnownFileType = sourcecode.swift; path = SceneDelegate.swift; sourceTree = "<group>"; };
		B8F2F3B224A77E11006B130E /* Base */ = {isa = PBXFileReference; lastKnownFileType = file.storyboard; name = Base; path = Base.lproj/Main.storyboard; sourceTree = "<group>"; };
		B8F2F3B524A77E11006B130E /* abdullah.xcdatamodel */ = {isa = PBXFileReference; lastKnownFileType = wrapper.xcdatamodel; path = abdullah.xcdatamodel; sourceTree = "<group>"; };
		B8F2F3B724A77E13006B130E /* Assets.xcassets */ = {isa = PBXFileReference; lastKnownFileType = folder.assetcatalog; path = Assets.xcassets; sourceTree = "<group>"; };
		B8F2F3BA24A77E13006B130E /* Base */ = {isa = PBXFileReference; lastKnownFileType = file.storyboard; name = Base; path = Base.lproj/LaunchScreen.storyboard; sourceTree = "<group>"; };
		B8F2F3BC24A77E13006B130E /* Info.plist */ = {isa = PBXFileReference; lastKnownFileType = text.plist.xml; path = Info.plist; sourceTree = "<group>"; };
/* End PBXFileReference section */

/* Begin PBXFrameworksBuildPhase section */
		B8F2F3A524A77E11006B130E /* Frameworks */ = {
			isa = PBXFrameworksBuildPhase;
			buildActionMask = 2147483647;
			files = (
				A7290E1DEF586414CB1544B0 /* Pods_abdullah.framework in Frameworks */,
			);
			runOnlyForDeploymentPostprocessing = 0;
		};
/* End PBXFrameworksBuildPhase section */

/* Begin PBXGroup section */
		7ED6D87DAB165DF2FE288327 /* Pods */ = {
			isa = PBXGroup;
			children = (
				58D2FFCD18EF32BFBEE4BA6A /* Pods-abdullah.debug.xcconfig */,
				B3B6FD4CE499A95B58557C90 /* Pods-abdullah.release.xcconfig */,
			);
			path = Pods;
			sourceTree = "<group>";
		};
		B86362DC24A8A29700482D52 /* PopMenu */ = {
			isa = PBXGroup;
			children = (
				B86362DD24A8A2B500482D52 /* MainVC.swift */,
				B86362DF24A8AAD800482D52 /* PopMenuExamples.swift */,
				B86362E124A8B94500482D52 /* NavigationController.swift */,
			);
			path = PopMenu;
			sourceTree = "<group>";
		};
		B8F2F39F24A77E11006B130E = {
			isa = PBXGroup;
			children = (
				B8F2F3AA24A77E11006B130E /* abdullah */,
				B8F2F3A924A77E11006B130E /* Products */,
				7ED6D87DAB165DF2FE288327 /* Pods */,
				EACE75E43D3D1338233C9796 /* Frameworks */,
			);
			sourceTree = "<group>";
		};
		B8F2F3A924A77E11006B130E /* Products */ = {
			isa = PBXGroup;
			children = (
				B8F2F3A824A77E11006B130E /* abdullah.app */,
			);
			name = Products;
			sourceTree = "<group>";
		};
		B8F2F3AA24A77E11006B130E /* abdullah */ = {
			isa = PBXGroup;
			children = (
				B86362DC24A8A29700482D52 /* PopMenu */,
				B8F2F3AB24A77E11006B130E /* AppDelegate.swift */,
				B8F2F3AD24A77E11006B130E /* SceneDelegate.swift */,
				B8F2F3B124A77E11006B130E /* Main.storyboard */,
				B8F2F3B724A77E13006B130E /* Assets.xcassets */,
				B8F2F3B924A77E13006B130E /* LaunchScreen.storyboard */,
				B8F2F3BC24A77E13006B130E /* Info.plist */,
				B8F2F3B424A77E11006B130E /* abdullah.xcdatamodeld */,
			);
			path = abdullah;
			sourceTree = "<group>";
		};
		EACE75E43D3D1338233C9796 /* Frameworks */ = {
			isa = PBXGroup;
			children = (
				3CEE1A3ADA204F543437AC40 /* Pods_abdullah.framework */,
			);
			name = Frameworks;
			sourceTree = "<group>";
		};
/* End PBXGroup section */

/* Begin PBXNativeTarget section */
		B8F2F3A724A77E11006B130E /* abdullah */ = {
			isa = PBXNativeTarget;
			buildConfigurationList = B8F2F3BF24A77E13006B130E /* Build configuration list for PBXNativeTarget "abdullah" */;
			buildPhases = (
				38171A9EABBD147CAF526009 /* [CP] Check Pods Manifest.lock */,
				B8F2F3A424A77E11006B130E /* Sources */,
				B8F2F3A524A77E11006B130E /* Frameworks */,
				B8F2F3A624A77E11006B130E /* Resources */,
				202591DA499AB858506D80A7 /* [CP] Embed Pods Frameworks */,
			);
			buildRules = (
			);
			dependencies = (
			);
			name = abdullah;
			productName = abdullah;
			productReference = B8F2F3A824A77E11006B130E /* abdullah.app */;
			productType = "com.apple.product-type.application";
		};
/* End PBXNativeTarget section */

/* Begin PBXProject section */
		B8F2F3A024A77E11006B130E /* Project object */ = {
			isa = PBXProject;
			attributes = {
				LastSwiftUpdateCheck = 1150;
				LastUpgradeCheck = 1150;
				ORGANIZATIONNAME = abdullah;
				TargetAttributes = {
					B8F2F3A724A77E11006B130E = {
						CreatedOnToolsVersion = 11.5;
					};
				};
			};
			buildConfigurationList = B8F2F3A324A77E11006B130E /* Build configuration list for PBXProject "abdullah" */;
			compatibilityVersion = "Xcode 9.3";
			developmentRegion = en;
			hasScannedForEncodings = 0;
			knownRegions = (
				en,
				Base,
			);
			mainGroup = B8F2F39F24A77E11006B130E;
			productRefGroup = B8F2F3A924A77E11006B130E /* Products */;
			projectDirPath = "";
			projectRoot = "";
			targets = (
				B8F2F3A724A77E11006B130E /* abdullah */,
			);
		};
/* End PBXProject section */

/* Begin PBXResourcesBuildPhase section */
		B8F2F3A624A77E11006B130E /* Resources */ = {
			isa = PBXResourcesBuildPhase;
			buildActionMask = 2147483647;
			files = (
				B8F2F3BB24A77E13006B130E /* LaunchScreen.storyboard in Resources */,
				B8F2F3B824A77E13006B130E /* Assets.xcassets in Resources */,
				B8F2F3B324A77E11006B130E /* Main.storyboard in Resources */,
			);
			runOnlyForDeploymentPostprocessing = 0;
		};
/* End PBXResourcesBuildPhase section */

/* Begin PBXShellScriptBuildPhase section */
		202591DA499AB858506D80A7 /* [CP] Embed Pods Frameworks */ = {
			isa = PBXShellScriptBuildPhase;
			buildActionMask = 2147483647;
			files = (
			);
			inputFileListPaths = (
				"${PODS_ROOT}/Target Support Files/Pods-abdullah/Pods-abdullah-frameworks-${CONFIGURATION}-input-files.xcfilelist",
			);
			name = "[CP] Embed Pods Frameworks";
			outputFileListPaths = (
				"${PODS_ROOT}/Target Support Files/Pods-abdullah/Pods-abdullah-frameworks-${CONFIGURATION}-output-files.xcfilelist",
			);
			runOnlyForDeploymentPostprocessing = 0;
			shellPath = /bin/sh;
			shellScript = "\"${PODS_ROOT}/Target Support Files/Pods-abdullah/Pods-abdullah-frameworks.sh\"\n";
			showEnvVarsInLog = 0;
		};
		38171A9EABBD147CAF526009 /* [CP] Check Pods Manifest.lock */ = {
			isa = PBXShellScriptBuildPhase;
			buildActionMask = 2147483647;
			files = (
			);
			inputFileListPaths = (
			);
			inputPaths = (
				"${PODS_PODFILE_DIR_PATH}/Podfile.lock",
				"${PODS_ROOT}/Manifest.lock",
			);
			name = "[CP] Check Pods Manifest.lock";
			outputFileListPaths = (
			);
			outputPaths = (
				"$(DERIVED_FILE_DIR)/Pods-abdullah-checkManifestLockResult.txt",
			);
			runOnlyForDeploymentPostprocessing = 0;
			shellPath = /bin/sh;
			shellScript = "diff \"${PODS_PODFILE_DIR_PATH}/Podfile.lock\" \"${PODS_ROOT}/Manifest.lock\" > /dev/null\nif [ $? != 0 ] ; then\n    # print error to STDERR\n    echo \"error: The sandbox is not in sync with the Podfile.lock. Run 'pod install' or update your CocoaPods installation.\" >&2\n    exit 1\nfi\n# This output is used by Xcode 'outputs' to avoid re-running this script phase.\necho \"SUCCESS\" > \"${SCRIPT_OUTPUT_FILE_0}\"\n";
			showEnvVarsInLog = 0;
		};
/* End PBXShellScriptBuildPhase section */

/* Begin PBXSourcesBuildPhase section */
		B8F2F3A424A77E11006B130E /* Sources */ = {
			isa = PBXSourcesBuildPhase;
			buildActionMask = 2147483647;
			files = (
				B8F2F3AC24A77E11006B130E /* AppDelegate.swift in Sources */,
				B86362E224A8B94500482D52 /* NavigationController.swift in Sources */,
				B86362E024A8AAD800482D52 /* PopMenuExamples.swift in Sources */,
				B86362DE24A8A2B500482D52 /* MainVC.swift in Sources */,
				B8F2F3B624A77E11006B130E /* abdullah.xcdatamodeld in Sources */,
				B8F2F3AE24A77E11006B130E /* SceneDelegate.swift in Sources */,
			);
			runOnlyForDeploymentPostprocessing = 0;
		};
/* End PBXSourcesBuildPhase section */

/* Begin PBXVariantGroup section */
		B8F2F3B124A77E11006B130E /* Main.storyboard */ = {
			isa = PBXVariantGroup;
			children = (
				B8F2F3B224A77E11006B130E /* Base */,
			);
			name = Main.storyboard;
			sourceTree = "<group>";
		};
		B8F2F3B924A77E13006B130E /* LaunchScreen.storyboard */ = {
			isa = PBXVariantGroup;
			children = (
				B8F2F3BA24A77E13006B130E /* Base */,
			);
			name = LaunchScreen.storyboard;
			sourceTree = "<group>";
		};
/* End PBXVariantGroup section */

/* Begin XCBuildConfiguration section */
		B8F2F3BD24A77E13006B130E /* Debug */ = {
			isa = XCBuildConfiguration;
			buildSettings = {
				ALWAYS_SEARCH_USER_PATHS = NO;
				CLANG_ANALYZER_NONNULL = YES;
				CLANG_ANALYZER_NUMBER_OBJECT_CONVERSION = YES_AGGRESSIVE;
				CLANG_CXX_LANGUAGE_STANDARD = "gnu++14";
				CLANG_CXX_LIBRARY = "libc++";
				CLANG_ENABLE_MODULES = YES;
				CLANG_ENABLE_OBJC_ARC = YES;
				CLANG_ENABLE_OBJC_WEAK = YES;
				CLANG_WARN_BLOCK_CAPTURE_AUTORELEASING = YES;
				CLANG_WARN_BOOL_CONVERSION = YES;
				CLANG_WARN_COMMA = YES;
				CLANG_WARN_CONSTANT_CONVERSION = YES;
				CLANG_WARN_DEPRECATED_OBJC_IMPLEMENTATIONS = YES;
				CLANG_WARN_DIRECT_OBJC_ISA_USAGE = YES_ERROR;
				CLANG_WARN_DOCUMENTATION_COMMENTS = YES;
				CLANG_WARN_EMPTY_BODY = YES;
				CLANG_WARN_ENUM_CONVERSION = YES;
				CLANG_WARN_INFINITE_RECURSION = YES;
				CLANG_WARN_INT_CONVERSION = YES;
				CLANG_WARN_NON_LITERAL_NULL_CONVERSION = YES;
				CLANG_WARN_OBJC_IMPLICIT_RETAIN_SELF = YES;
				CLANG_WARN_OBJC_LITERAL_CONVERSION = YES;
				CLANG_WARN_OBJC_ROOT_CLASS = YES_ERROR;
				CLANG_WARN_RANGE_LOOP_ANALYSIS = YES;
				CLANG_WARN_STRICT_PROTOTYPES = YES;
				CLANG_WARN_SUSPICIOUS_MOVE = YES;
				CLANG_WARN_UNGUARDED_AVAILABILITY = YES_AGGRESSIVE;
				CLANG_WARN_UNREACHABLE_CODE = YES;
				CLANG_WARN__DUPLICATE_METHOD_MATCH = YES;
				COPY_PHASE_STRIP = NO;
				DEBUG_INFORMATION_FORMAT = dwarf;
				ENABLE_STRICT_OBJC_MSGSEND = YES;
				ENABLE_TESTABILITY = YES;
				GCC_C_LANGUAGE_STANDARD = gnu11;
				GCC_DYNAMIC_NO_PIC = NO;
				GCC_NO_COMMON_BLOCKS = YES;
				GCC_OPTIMIZATION_LEVEL = 0;
				GCC_PREPROCESSOR_DEFINITIONS = (
					"DEBUG=1",
					"$(inherited)",
				);
				GCC_WARN_64_TO_32_BIT_CONVERSION = YES;
				GCC_WARN_ABOUT_RETURN_TYPE = YES_ERROR;
				GCC_WARN_UNDECLARED_SELECTOR = YES;
				GCC_WARN_UNINITIALIZED_AUTOS = YES_AGGRESSIVE;
				GCC_WARN_UNUSED_FUNCTION = YES;
				GCC_WARN_UNUSED_VARIABLE = YES;
				IPHONEOS_DEPLOYMENT_TARGET = 13.5;
				MTL_ENABLE_DEBUG_INFO = INCLUDE_SOURCE;
				MTL_FAST_MATH = YES;
				ONLY_ACTIVE_ARCH = YES;
				SDKROOT = iphoneos;
				SWIFT_ACTIVE_COMPILATION_CONDITIONS = DEBUG;
				SWIFT_OPTIMIZATION_LEVEL = "-Onone";
			};
			name = Debug;
		};
		B8F2F3BE24A77E13006B130E /* Release */ = {
			isa = XCBuildConfiguration;
			buildSettings = {
				ALWAYS_SEARCH_USER_PATHS = NO;
				CLANG_ANALYZER_NONNULL = YES;
				CLANG_ANALYZER_NUMBER_OBJECT_CONVERSION = YES_AGGRESSIVE;
				CLANG_CXX_LANGUAGE_STANDARD = "gnu++14";
				CLANG_CXX_LIBRARY = "libc++";
				CLANG_ENABLE_MODULES = YES;
				CLANG_ENABLE_OBJC_ARC = YES;
				CLANG_ENABLE_OBJC_WEAK = YES;
				CLANG_WARN_BLOCK_CAPTURE_AUTORELEASING = YES;
				CLANG_WARN_BOOL_CONVERSION = YES;
				CLANG_WARN_COMMA = YES;
				CLANG_WARN_CONSTANT_CONVERSION = YES;
				CLANG_WARN_DEPRECATED_OBJC_IMPLEMENTATIONS = YES;
				CLANG_WARN_DIRECT_OBJC_ISA_USAGE = YES_ERROR;
				CLANG_WARN_DOCUMENTATION_COMMENTS = YES;
				CLANG_WARN_EMPTY_BODY = YES;
				CLANG_WARN_ENUM_CONVERSION = YES;
				CLANG_WARN_INFINITE_RECURSION = YES;
				CLANG_WARN_INT_CONVERSION = YES;
				CLANG_WARN_NON_LITERAL_NULL_CONVERSION = YES;
				CLANG_WARN_OBJC_IMPLICIT_RETAIN_SELF = YES;
				CLANG_WARN_OBJC_LITERAL_CONVERSION = YES;
				CLANG_WARN_OBJC_ROOT_CLASS = YES_ERROR;
				CLANG_WARN_RANGE_LOOP_ANALYSIS = YES;
				CLANG_WARN_STRICT_PROTOTYPES = YES;
				CLANG_WARN_SUSPICIOUS_MOVE = YES;
				CLANG_WARN_UNGUARDED_AVAILABILITY = YES_AGGRESSIVE;
				CLANG_WARN_UNREACHABLE_CODE = YES;
				CLANG_WARN__DUPLICATE_METHOD_MATCH = YES;
				COPY_PHASE_STRIP = NO;
				DEBUG_INFORMATION_FORMAT = "dwarf-with-dsym";
				ENABLE_NS_ASSERTIONS = NO;
				ENABLE_STRICT_OBJC_MSGSEND = YES;
				GCC_C_LANGUAGE_STANDARD = gnu11;
				GCC_NO_COMMON_BLOCKS = YES;
				GCC_WARN_64_TO_32_BIT_CONVERSION = YES;
				GCC_WARN_ABOUT_RETURN_TYPE = YES_ERROR;
				GCC_WARN_UNDECLARED_SELECTOR = YES;
				GCC_WARN_UNINITIALIZED_AUTOS = YES_AGGRESSIVE;
				GCC_WARN_UNUSED_FUNCTION = YES;
				GCC_WARN_UNUSED_VARIABLE = YES;
				IPHONEOS_DEPLOYMENT_TARGET = 13.5;
				MTL_ENABLE_DEBUG_INFO = NO;
				MTL_FAST_MATH = YES;
				SDKROOT = iphoneos;
				SWIFT_COMPILATION_MODE = wholemodule;
				SWIFT_OPTIMIZATION_LEVEL = "-O";
				VALIDATE_PRODUCT = YES;
			};
			name = Release;
		};
		B8F2F3C024A77E13006B130E /* Debug */ = {
			isa = XCBuildConfiguration;
			baseConfigurationReference = 58D2FFCD18EF32BFBEE4BA6A /* Pods-abdullah.debug.xcconfig */;
			buildSettings = {
				ASSETCATALOG_COMPILER_APPICON_NAME = AppIcon;
				CODE_SIGN_STYLE = Automatic;
				DEVELOPMENT_TEAM = 4438DCVBWY;
				INFOPLIST_FILE = abdullah/Info.plist;
				LD_RUNPATH_SEARCH_PATHS = (
					"$(inherited)",
					"@executable_path/Frameworks",
				);
				PRODUCT_BUNDLE_IDENTIFIER = abdullah.abdullah;
				PRODUCT_NAME = "$(TARGET_NAME)";
				SWIFT_VERSION = 5.0;
				TARGETED_DEVICE_FAMILY = "1,2";
			};
			name = Debug;
		};
		B8F2F3C124A77E13006B130E /* Release */ = {
			isa = XCBuildConfiguration;
			baseConfigurationReference = B3B6FD4CE499A95B58557C90 /* Pods-abdullah.release.xcconfig */;
			buildSettings = {
				ASSETCATALOG_COMPILER_APPICON_NAME = AppIcon;
				CODE_SIGN_STYLE = Automatic;
				DEVELOPMENT_TEAM = 4438DCVBWY;
				INFOPLIST_FILE = abdullah/Info.plist;
				LD_RUNPATH_SEARCH_PATHS = (
					"$(inherited)",
					"@executable_path/Frameworks",
				);
				PRODUCT_BUNDLE_IDENTIFIER = abdullah.abdullah;
				PRODUCT_NAME = "$(TARGET_NAME)";
				SWIFT_VERSION = 5.0;
				TARGETED_DEVICE_FAMILY = "1,2";
			};
			name = Release;
		};
/* End XCBuildConfiguration section */

/* Begin XCConfigurationList section */
		B8F2F3A324A77E11006B130E /* Build configuration list for PBXProject "abdullah" */ = {
			isa = XCConfigurationList;
			buildConfigurations = (
				B8F2F3BD24A77E13006B130E /* Debug */,
				B8F2F3BE24A77E13006B130E /* Release */,
			);
			defaultConfigurationIsVisible = 0;
			defaultConfigurationName = Release;
		};
		B8F2F3BF24A77E13006B130E /* Build configuration list for PBXNativeTarget "abdullah" */ = {
			isa = XCConfigurationList;
			buildConfigurations = (
				B8F2F3C024A77E13006B130E /* Debug */,
				B8F2F3C124A77E13006B130E /* Release */,
			);
			defaultConfigurationIsVisible = 0;
			defaultConfigurationName = Release;
		};
/* End XCConfigurationList section */

/* Begin XCVersionGroup section */
		B8F2F3B424A77E11006B130E /* abdullah.xcdatamodeld */ = {
			isa = XCVersionGroup;
			children = (
				B8F2F3B524A77E11006B130E /* abdullah.xcdatamodel */,
			);
			currentVersion = B8F2F3B524A77E11006B130E /* abdullah.xcdatamodel */;
			path = abdullah.xcdatamodeld;
			sourceTree = "<group>";
			versionGroupType = wrapper.xcdatamodel;
		};
/* End XCVersionGroup section */
	};
	rootObject = B8F2F3A024A77E11006B130E /* Project object */;
}
